
Microsoft Visual Studio Solution File, Format Version 12.00
Project("{FAE04EC0-301F-11D3-BF4B-00C04F79EFBC}") = "Arrays", "Arrays\Arrays.csproj", "{0E19A780-5472-4098-8660-A14CF95D25C5}"
EndProject
Global
	GlobalSection(SolutionConfigurationPlatforms) = preSolution
		Debug|Any CPU = Debug|Any CPU
		Release|Any CPU = Release|Any CPU
	EndGlobalSection
	GlobalSection(ProjectConfigurationPlatforms) = postSolution
		{0E19A780-5472-4098-8660-A14CF95D25C5}.Debug|Any CPU.ActiveCfg = Debug|Any CPU
		{0E19A780-5472-4098-8660-A14CF95D25C5}.Debug|Any CPU.Build.0 = Debug|Any CPU
		{0E19A780-5472-4098-8660-A14CF95D25C5}.Release|Any CPU.ActiveCfg = Release|Any CPU
		{0E19A780-5472-4098-8660-A14CF95D25C5}.Release|Any CPU.Build.0 = Release|Any CPU
	EndGlobalSection
EndGlobal
